
Microsoft Visual Studio Solution File, Format Version 12.00
# Visual Studio Version 18
VisualStudioVersion = 18.0.11123.170 d18.0
MinimumVisualStudioVersion = 10.0.40219.1
Project("{2150E333-8FDC-42A3-9474-1A3956D46DE8}") = "backend", "backend", "{5F1E8A73-29FC-4D33-BB67-5CB7D8654DF2}"
EndProject
Project("{2150E333-8FDC-42A3-9474-1A3956D46DE8}") = "frontend", "frontend", "{9A7A2E25-F85F-439E-B67E-3D5C5C7E75A4}"
EndProject
Project("{FAE04EC0-301F-11D3-BF4B-00C04F79EFBC}") = "depensio.Domain", "backend\depensio.Domain\depensio.Domain.csproj", "{763BCF67-45BE-481A-B13D-F6541C516C0D}"
EndProject
Project("{FAE04EC0-301F-11D3-BF4B-00C04F79EFBC}") = "depensio.Infrastructure", "backend\depensio.Infrastructure\depensio.Infrastructure.csproj", "{C54CEAE9-1A55-466F-B89E-E3159118B0C3}"
EndProject
Project("{FAE04EC0-301F-11D3-BF4B-00C04F79EFBC}") = "depensio.Application", "backend\depensio.Application\depensio.Application.csproj", "{7AC75A7B-AB15-4EAC-932B-FCA732D0DCAA}"
EndProject
Project("{FAE04EC0-301F-11D3-BF4B-00C04F79EFBC}") = "depensio", "frontend\depensio\depensio.csproj", "{B0EA34D7-3ECC-661F-817F-EB8EBCC2187A}"
EndProject
Project("{FAE04EC0-301F-11D3-BF4B-00C04F79EFBC}") = "depensio.Shared", "frontend\depensio.Shared\depensio.Shared.csproj", "{0E56350A-19F0-AC59-9021-F801DF74E27C}"
EndProject
Project("{FAE04EC0-301F-11D3-BF4B-00C04F79EFBC}") = "depensio.Web", "frontend\depensio.Web\depensio.Web.csproj", "{5C335C92-F9E7-81CB-1970-484687198C1B}"
EndProject
Project("{FAE04EC0-301F-11D3-BF4B-00C04F79EFBC}") = "depensio.Web.Client", "frontend\depensio.Web.Client\depensio.Web.Client.csproj", "{2414B08D-51B0-12EE-1021-1010FE7A1A3F}"
EndProject
Project("{E53339B2-1760-4266-BCC7-CA923CBCF16C}") = "docker-compose", "docker-compose.dcproj", "{81DDED9D-158B-E303-5F62-77A2896D2A5A}"
EndProject
Project("{FAE04EC0-301F-11D3-BF4B-00C04F79EFBC}") = "depensio.Api", "backend\depensio.Api\depensio.Api.csproj", "{1DCD9DEC-28D6-E9FC-B0E7-0E1D564AF57B}"
EndProject
Project("{2150E333-8FDC-42A3-9474-1A3956D46DE8}") = "Éléments de solution", "Éléments de solution", "{9C8CB701-102D-CF49-A3E0-89AC09D42C2C}"
	ProjectSection(SolutionItems) = preProject
		docker-compose.prod.yml = docker-compose.prod.yml
		README.md = README.md
	EndProjectSection
EndProject
Project("{2150E333-8FDC-42A3-9474-1A3956D46DE8}") = "tests", "tests", "{490656DA-42D4-4FA7-BA06-16FD4175348C}"
EndProject
Project("{FAE04EC0-301F-11D3-BF4B-00C04F79EFBC}") = "Depensio.Tests.Acceptance", "tests\Depensio.Tests.Acceptance\Depensio.Tests.Acceptance.csproj", "{8DF425D1-8948-4F91-AC33-1FB9F7ECB206}"
EndProject
Project("{FAE04EC0-301F-11D3-BF4B-00C04F79EFBC}") = "Depensio.Tests.Api", "tests\Depensio.Tests.Api\Depensio.Tests.Api.csproj", "{0A02332D-430C-40C6-A67C-A0D5064D84E5}"
EndProject
Project("{FAE04EC0-301F-11D3-BF4B-00C04F79EFBC}") = "Depensio.Tests.Unit", "tests\Depensio.Tests.Unit\Depensio.Tests.Unit.csproj", "{D14B2D62-A3FC-4A48-8638-0ED300B5A9C6}"
EndProject
Global
	GlobalSection(SolutionConfigurationPlatforms) = preSolution
		Debug|Any CPU = Debug|Any CPU
		Release|Any CPU = Release|Any CPU
	EndGlobalSection
	GlobalSection(ProjectConfigurationPlatforms) = postSolution
		{763BCF67-45BE-481A-B13D-F6541C516C0D}.Debug|Any CPU.ActiveCfg = Debug|Any CPU
		{763BCF67-45BE-481A-B13D-F6541C516C0D}.Debug|Any CPU.Build.0 = Debug|Any CPU
		{763BCF67-45BE-481A-B13D-F6541C516C0D}.Release|Any CPU.ActiveCfg = Release|Any CPU
		{763BCF67-45BE-481A-B13D-F6541C516C0D}.Release|Any CPU.Build.0 = Release|Any CPU
		{C54CEAE9-1A55-466F-B89E-E3159118B0C3}.Debug|Any CPU.ActiveCfg = Debug|Any CPU
		{C54CEAE9-1A55-466F-B89E-E3159118B0C3}.Debug|Any CPU.Build.0 = Debug|Any CPU
		{C54CEAE9-1A55-466F-B89E-E3159118B0C3}.Release|Any CPU.ActiveCfg = Release|Any CPU
		{C54CEAE9-1A55-466F-B89E-E3159118B0C3}.Release|Any CPU.Build.0 = Release|Any CPU
		{7AC75A7B-AB15-4EAC-932B-FCA732D0DCAA}.Debug|Any CPU.ActiveCfg = Debug|Any CPU
		{7AC75A7B-AB15-4EAC-932B-FCA732D0DCAA}.Debug|Any CPU.Build.0 = Debug|Any CPU
		{7AC75A7B-AB15-4EAC-932B-FCA732D0DCAA}.Release|Any CPU.ActiveCfg = Release|Any CPU
		{7AC75A7B-AB15-4EAC-932B-FCA732D0DCAA}.Release|Any CPU.Build.0 = Release|Any CPU
		{B0EA34D7-3ECC-661F-817F-EB8EBCC2187A}.Debug|Any CPU.ActiveCfg = Debug|Any CPU
		{B0EA34D7-3ECC-661F-817F-EB8EBCC2187A}.Debug|Any CPU.Build.0 = Debug|Any CPU
		{B0EA34D7-3ECC-661F-817F-EB8EBCC2187A}.Debug|Any CPU.Deploy.0 = Debug|Any CPU
		{B0EA34D7-3ECC-661F-817F-EB8EBCC2187A}.Release|Any CPU.ActiveCfg = Release|Any CPU
		{B0EA34D7-3ECC-661F-817F-EB8EBCC2187A}.Release|Any CPU.Build.0 = Release|Any CPU
		{B0EA34D7-3ECC-661F-817F-EB8EBCC2187A}.Release|Any CPU.Deploy.0 = Release|Any CPU
		{0E56350A-19F0-AC59-9021-F801DF74E27C}.Debug|Any CPU.ActiveCfg = Debug|Any CPU
		{0E56350A-19F0-AC59-9021-F801DF74E27C}.Debug|Any CPU.Build.0 = Debug|Any CPU
		{0E56350A-19F0-AC59-9021-F801DF74E27C}.Release|Any CPU.ActiveCfg = Release|Any CPU
		{0E56350A-19F0-AC59-9021-F801DF74E27C}.Release|Any CPU.Build.0 = Release|Any CPU
		{5C335C92-F9E7-81CB-1970-484687198C1B}.Debug|Any CPU.ActiveCfg = Debug|Any CPU
		{5C335C92-F9E7-81CB-1970-484687198C1B}.Debug|Any CPU.Build.0 = Debug|Any CPU
		{5C335C92-F9E7-81CB-1970-484687198C1B}.Release|Any CPU.ActiveCfg = Release|Any CPU
		{5C335C92-F9E7-81CB-1970-484687198C1B}.Release|Any CPU.Build.0 = Release|Any CPU
		{2414B08D-51B0-12EE-1021-1010FE7A1A3F}.Debug|Any CPU.ActiveCfg = Debug|Any CPU
		{2414B08D-51B0-12EE-1021-1010FE7A1A3F}.Debug|Any CPU.Build.0 = Debug|Any CPU
		{2414B08D-51B0-12EE-1021-1010FE7A1A3F}.Release|Any CPU.ActiveCfg = Release|Any CPU
		{2414B08D-51B0-12EE-1021-1010FE7A1A3F}.Release|Any CPU.Build.0 = Release|Any CPU
		{81DDED9D-158B-E303-5F62-77A2896D2A5A}.Debug|Any CPU.ActiveCfg = Debug|Any CPU
		{81DDED9D-158B-E303-5F62-77A2896D2A5A}.Debug|Any CPU.Build.0 = Debug|Any CPU
		{81DDED9D-158B-E303-5F62-77A2896D2A5A}.Release|Any CPU.ActiveCfg = Release|Any CPU
		{81DDED9D-158B-E303-5F62-77A2896D2A5A}.Release|Any CPU.Build.0 = Release|Any CPU
		{1DCD9DEC-28D6-E9FC-B0E7-0E1D564AF57B}.Debug|Any CPU.ActiveCfg = Debug|Any CPU
		{1DCD9DEC-28D6-E9FC-B0E7-0E1D564AF57B}.Debug|Any CPU.Build.0 = Debug|Any CPU
		{1DCD9DEC-28D6-E9FC-B0E7-0E1D564AF57B}.Release|Any CPU.ActiveCfg = Release|Any CPU
		{1DCD9DEC-28D6-E9FC-B0E7-0E1D564AF57B}.Release|Any CPU.Build.0 = Release|Any CPU
		{8DF425D1-8948-4F91-AC33-1FB9F7ECB206}.Debug|Any CPU.ActiveCfg = Debug|Any CPU
		{8DF425D1-8948-4F91-AC33-1FB9F7ECB206}.Debug|Any CPU.Build.0 = Debug|Any CPU
		{8DF425D1-8948-4F91-AC33-1FB9F7ECB206}.Release|Any CPU.ActiveCfg = Release|Any CPU
		{8DF425D1-8948-4F91-AC33-1FB9F7ECB206}.Release|Any CPU.Build.0 = Release|Any CPU
		{0A02332D-430C-40C6-A67C-A0D5064D84E5}.Debug|Any CPU.ActiveCfg = Debug|Any CPU
		{0A02332D-430C-40C6-A67C-A0D5064D84E5}.Debug|Any CPU.Build.0 = Debug|Any CPU
		{0A02332D-430C-40C6-A67C-A0D5064D84E5}.Release|Any CPU.ActiveCfg = Release|Any CPU
		{0A02332D-430C-40C6-A67C-A0D5064D84E5}.Release|Any CPU.Build.0 = Release|Any CPU
		{D14B2D62-A3FC-4A48-8638-0ED300B5A9C6}.Debug|Any CPU.ActiveCfg = Debug|Any CPU
		{D14B2D62-A3FC-4A48-8638-0ED300B5A9C6}.Debug|Any CPU.Build.0 = Debug|Any CPU
		{D14B2D62-A3FC-4A48-8638-0ED300B5A9C6}.Release|Any CPU.ActiveCfg = Release|Any CPU
		{D14B2D62-A3FC-4A48-8638-0ED300B5A9C6}.Release|Any CPU.Build.0 = Release|Any CPU
	EndGlobalSection
	GlobalSection(SolutionProperties) = preSolution
		HideSolutionNode = FALSE
	EndGlobalSection
	GlobalSection(NestedProjects) = preSolution
		{763BCF67-45BE-481A-B13D-F6541C516C0D} = {5F1E8A73-29FC-4D33-BB67-5CB7D8654DF2}
		{C54CEAE9-1A55-466F-B89E-E3159118B0C3} = {5F1E8A73-29FC-4D33-BB67-5CB7D8654DF2}
		{7AC75A7B-AB15-4EAC-932B-FCA732D0DCAA} = {5F1E8A73-29FC-4D33-BB67-5CB7D8654DF2}
		{B0EA34D7-3ECC-661F-817F-EB8EBCC2187A} = {9A7A2E25-F85F-439E-B67E-3D5C5C7E75A4}
		{0E56350A-19F0-AC59-9021-F801DF74E27C} = {9A7A2E25-F85F-439E-B67E-3D5C5C7E75A4}
		{5C335C92-F9E7-81CB-1970-484687198C1B} = {9A7A2E25-F85F-439E-B67E-3D5C5C7E75A4}
		{2414B08D-51B0-12EE-1021-1010FE7A1A3F} = {9A7A2E25-F85F-439E-B67E-3D5C5C7E75A4}
		{1DCD9DEC-28D6-E9FC-B0E7-0E1D564AF57B} = {5F1E8A73-29FC-4D33-BB67-5CB7D8654DF2}
		{8DF425D1-8948-4F91-AC33-1FB9F7ECB206} = {490656DA-42D4-4FA7-BA06-16FD4175348C}
		{0A02332D-430C-40C6-A67C-A0D5064D84E5} = {490656DA-42D4-4FA7-BA06-16FD4175348C}
		{D14B2D62-A3FC-4A48-8638-0ED300B5A9C6} = {490656DA-42D4-4FA7-BA06-16FD4175348C}
	EndGlobalSection
	GlobalSection(ExtensibilityGlobals) = postSolution
		SolutionGuid = {3E07E593-70B8-470C-9DAC-47E2E4F81695}
	EndGlobalSection
EndGlobal
