
Microsoft Visual Studio Solution File, Format Version 12.00
# Visual Studio Version 17
VisualStudioVersion = 17.14.36121.58
MinimumVisualStudioVersion = 10.0.40219.1
Project("{FAE04EC0-301F-11D3-BF4B-00C04F79EFBC}") = "depensio.Api", "depensio.Api\depensio.Api.csproj", "{F5B9B452-BD9F-4074-88F5-CC4D6DE5B3D7}"
EndProject
Project("{FAE04EC0-301F-11D3-BF4B-00C04F79EFBC}") = "depensio.Domain", "depensio.Domain\depensio.Domain.csproj", "{763BCF67-45BE-481A-B13D-F6541C516C0D}"
EndProject
Project("{FAE04EC0-301F-11D3-BF4B-00C04F79EFBC}") = "depensio.Infrastructure", "depensio.Infrastructure\depensio.Infrastructure.csproj", "{C54CEAE9-1A55-466F-B89E-E3159118B0C3}"
EndProject
Project("{FAE04EC0-301F-11D3-BF4B-00C04F79EFBC}") = "depensio.Application", "depensio.Application\depensio.Application.csproj", "{7AC75A7B-AB15-4EAC-932B-FCA732D0DCAA}"
EndProject
Global
	GlobalSection(SolutionConfigurationPlatforms) = preSolution
		Debug|Any CPU = Debug|Any CPU
		Release|Any CPU = Release|Any CPU
	EndGlobalSection
	GlobalSection(ProjectConfigurationPlatforms) = postSolution
		{F5B9B452-BD9F-4074-88F5-CC4D6DE5B3D7}.Debug|Any CPU.ActiveCfg = Debug|Any CPU
		{F5B9B452-BD9F-4074-88F5-CC4D6DE5B3D7}.Debug|Any CPU.Build.0 = Debug|Any CPU
		{F5B9B452-BD9F-4074-88F5-CC4D6DE5B3D7}.Release|Any CPU.ActiveCfg = Release|Any CPU
		{F5B9B452-BD9F-4074-88F5-CC4D6DE5B3D7}.Release|Any CPU.Build.0 = Release|Any CPU
		{763BCF67-45BE-481A-B13D-F6541C516C0D}.Debug|Any CPU.ActiveCfg = Debug|Any CPU
		{763BCF67-45BE-481A-B13D-F6541C516C0D}.Debug|Any CPU.Build.0 = Debug|Any CPU
		{763BCF67-45BE-481A-B13D-F6541C516C0D}.Release|Any CPU.ActiveCfg = Release|Any CPU
		{763BCF67-45BE-481A-B13D-F6541C516C0D}.Release|Any CPU.Build.0 = Release|Any CPU
		{C54CEAE9-1A55-466F-B89E-E3159118B0C3}.Debug|Any CPU.ActiveCfg = Debug|Any CPU
		{C54CEAE9-1A55-466F-B89E-E3159118B0C3}.Debug|Any CPU.Build.0 = Debug|Any CPU
		{C54CEAE9-1A55-466F-B89E-E3159118B0C3}.Release|Any CPU.ActiveCfg = Release|Any CPU
		{C54CEAE9-1A55-466F-B89E-E3159118B0C3}.Release|Any CPU.Build.0 = Release|Any CPU
		{7AC75A7B-AB15-4EAC-932B-FCA732D0DCAA}.Debug|Any CPU.ActiveCfg = Debug|Any CPU
		{7AC75A7B-AB15-4EAC-932B-FCA732D0DCAA}.Debug|Any CPU.Build.0 = Debug|Any CPU
		{7AC75A7B-AB15-4EAC-932B-FCA732D0DCAA}.Release|Any CPU.ActiveCfg = Release|Any CPU
		{7AC75A7B-AB15-4EAC-932B-FCA732D0DCAA}.Release|Any CPU.Build.0 = Release|Any CPU
	EndGlobalSection
	GlobalSection(SolutionProperties) = preSolution
		HideSolutionNode = FALSE
	EndGlobalSection
	GlobalSection(ExtensibilityGlobals) = postSolution
		SolutionGuid = {3E07E593-70B8-470C-9DAC-47E2E4F81695}
	EndGlobalSection
EndGlobal
